
Microsoft Visual Studio Solution File, Format Version 12.00
# Visual Studio 15
VisualStudioVersion = 15.0.28307.329
MinimumVisualStudioVersion = 10.0.40219.1
Project("{FAE04EC0-301F-11D3-BF4B-00C04F79EFBC}") = "Phoneword.Android", "Phoneword\Phoneword.Android\Phoneword.Android.csproj", "{E8DBB601-50C5-4AA6-A567-3C671439961D}"
EndProject
Project("{FAE04EC0-301F-11D3-BF4B-00C04F79EFBC}") = "Phoneword.iOS", "Phoneword\Phoneword.iOS\Phoneword.iOS.csproj", "{9585D879-61AF-47CD-A194-DB3AC5F0E970}"
EndProject
Project("{FAE04EC0-301F-11D3-BF4B-00C04F79EFBC}") = "Phoneword.UWP", "Phoneword\Phoneword.UWP\Phoneword.UWP.csproj", "{C2B6B232-1F53-436A-B5E6-59ED8F778E23}"
EndProject
Project("{FAE04EC0-301F-11D3-BF4B-00C04F79EFBC}") = "Phoneword", "Phoneword\Phoneword\Phoneword.csproj", "{B615C904-92E9-4A8C-8E63-5B069B6C652A}"
EndProject
Global
	GlobalSection(SolutionConfigurationPlatforms) = preSolution
		Ad-Hoc|Any CPU = Ad-Hoc|Any CPU
		Ad-Hoc|ARM = Ad-Hoc|ARM
		Ad-Hoc|iPhone = Ad-Hoc|iPhone
		Ad-Hoc|iPhoneSimulator = Ad-Hoc|iPhoneSimulator
		Ad-Hoc|x64 = Ad-Hoc|x64
		Ad-Hoc|x86 = Ad-Hoc|x86
		AppStore|Any CPU = AppStore|Any CPU
		AppStore|ARM = AppStore|ARM
		AppStore|iPhone = AppStore|iPhone
		AppStore|iPhoneSimulator = AppStore|iPhoneSimulator
		AppStore|x64 = AppStore|x64
		AppStore|x86 = AppStore|x86
		Debug|Any CPU = Debug|Any CPU
		Debug|ARM = Debug|ARM
		Debug|iPhone = Debug|iPhone
		Debug|iPhoneSimulator = Debug|iPhoneSimulator
		Debug|x64 = Debug|x64
		Debug|x86 = Debug|x86
		Release|Any CPU = Release|Any CPU
		Release|ARM = Release|ARM
		Release|iPhone = Release|iPhone
		Release|iPhoneSimulator = Release|iPhoneSimulator
		Release|x64 = Release|x64
		Release|x86 = Release|x86
	EndGlobalSection
	GlobalSection(ProjectConfigurationPlatforms) = postSolution
		{E8DBB601-50C5-4AA6-A567-3C671439961D}.Ad-Hoc|Any CPU.ActiveCfg = Release|Any CPU
		{E8DBB601-50C5-4AA6-A567-3C671439961D}.Ad-Hoc|Any CPU.Build.0 = Release|Any CPU
		{E8DBB601-50C5-4AA6-A567-3C671439961D}.Ad-Hoc|Any CPU.Deploy.0 = Release|Any CPU
		{E8DBB601-50C5-4AA6-A567-3C671439961D}.Ad-Hoc|ARM.ActiveCfg = Release|Any CPU
		{E8DBB601-50C5-4AA6-A567-3C671439961D}.Ad-Hoc|ARM.Build.0 = Release|Any CPU
		{E8DBB601-50C5-4AA6-A567-3C671439961D}.Ad-Hoc|ARM.Deploy.0 = Release|Any CPU
		{E8DBB601-50C5-4AA6-A567-3C671439961D}.Ad-Hoc|iPhone.ActiveCfg = Release|Any CPU
		{E8DBB601-50C5-4AA6-A567-3C671439961D}.Ad-Hoc|iPhone.Build.0 = Release|Any CPU
		{E8DBB601-50C5-4AA6-A567-3C671439961D}.Ad-Hoc|iPhone.Deploy.0 = Release|Any CPU
		{E8DBB601-50C5-4AA6-A567-3C671439961D}.Ad-Hoc|iPhoneSimulator.ActiveCfg = Release|Any CPU
		{E8DBB601-50C5-4AA6-A567-3C671439961D}.Ad-Hoc|iPhoneSimulator.Build.0 = Release|Any CPU
		{E8DBB601-50C5-4AA6-A567-3C671439961D}.Ad-Hoc|iPhoneSimulator.Deploy.0 = Release|Any CPU
		{E8DBB601-50C5-4AA6-A567-3C671439961D}.Ad-Hoc|x64.ActiveCfg = Release|Any CPU
		{E8DBB601-50C5-4AA6-A567-3C671439961D}.Ad-Hoc|x64.Build.0 = Release|Any CPU
		{E8DBB601-50C5-4AA6-A567-3C671439961D}.Ad-Hoc|x64.Deploy.0 = Release|Any CPU
		{E8DBB601-50C5-4AA6-A567-3C671439961D}.Ad-Hoc|x86.ActiveCfg = Release|Any CPU
		{E8DBB601-50C5-4AA6-A567-3C671439961D}.Ad-Hoc|x86.Build.0 = Release|Any CPU
		{E8DBB601-50C5-4AA6-A567-3C671439961D}.Ad-Hoc|x86.Deploy.0 = Release|Any CPU
		{E8DBB601-50C5-4AA6-A567-3C671439961D}.AppStore|Any CPU.ActiveCfg = Release|Any CPU
		{E8DBB601-50C5-4AA6-A567-3C671439961D}.AppStore|Any CPU.Build.0 = Release|Any CPU
		{E8DBB601-50C5-4AA6-A567-3C671439961D}.AppStore|Any CPU.Deploy.0 = Release|Any CPU
		{E8DBB601-50C5-4AA6-A567-3C671439961D}.AppStore|ARM.ActiveCfg = Release|Any CPU
		{E8DBB601-50C5-4AA6-A567-3C671439961D}.AppStore|ARM.Build.0 = Release|Any CPU
		{E8DBB601-50C5-4AA6-A567-3C671439961D}.AppStore|ARM.Deploy.0 = Release|Any CPU
		{E8DBB601-50C5-4AA6-A567-3C671439961D}.AppStore|iPhone.ActiveCfg = Release|Any CPU
		{E8DBB601-50C5-4AA6-A567-3C671439961D}.AppStore|iPhone.Build.0 = Release|Any CPU
		{E8DBB601-50C5-4AA6-A567-3C671439961D}.AppStore|iPhone.Deploy.0 = Release|Any CPU
		{E8DBB601-50C5-4AA6-A567-3C671439961D}.AppStore|iPhoneSimulator.ActiveCfg = Release|Any CPU
		{E8DBB601-50C5-4AA6-A567-3C671439961D}.AppStore|iPhoneSimulator.Build.0 = Release|Any CPU
		{E8DBB601-50C5-4AA6-A567-3C671439961D}.AppStore|iPhoneSimulator.Deploy.0 = Release|Any CPU
		{E8DBB601-50C5-4AA6-A567-3C671439961D}.AppStore|x64.ActiveCfg = Release|Any CPU
		{E8DBB601-50C5-4AA6-A567-3C671439961D}.AppStore|x64.Build.0 = Release|Any CPU
		{E8DBB601-50C5-4AA6-A567-3C671439961D}.AppStore|x64.Deploy.0 = Release|Any CPU
		{E8DBB601-50C5-4AA6-A567-3C671439961D}.AppStore|x86.ActiveCfg = Release|Any CPU
		{E8DBB601-50C5-4AA6-A567-3C671439961D}.AppStore|x86.Build.0 = Release|Any CPU
		{E8DBB601-50C5-4AA6-A567-3C671439961D}.AppStore|x86.Deploy.0 = Release|Any CPU
		{E8DBB601-50C5-4AA6-A567-3C671439961D}.Debug|Any CPU.ActiveCfg = Debug|Any CPU
		{E8DBB601-50C5-4AA6-A567-3C671439961D}.Debug|Any CPU.Build.0 = Debug|Any CPU
		{E8DBB601-50C5-4AA6-A567-3C671439961D}.Debug|Any CPU.Deploy.0 = Debug|Any CPU
		{E8DBB601-50C5-4AA6-A567-3C671439961D}.Debug|ARM.ActiveCfg = Debug|Any CPU
		{E8DBB601-50C5-4AA6-A567-3C671439961D}.Debug|ARM.Build.0 = Debug|Any CPU
		{E8DBB601-50C5-4AA6-A567-3C671439961D}.Debug|ARM.Deploy.0 = Debug|Any CPU
		{E8DBB601-50C5-4AA6-A567-3C671439961D}.Debug|iPhone.ActiveCfg = Debug|Any CPU
		{E8DBB601-50C5-4AA6-A567-3C671439961D}.Debug|iPhone.Build.0 = Debug|Any CPU
		{E8DBB601-50C5-4AA6-A567-3C671439961D}.Debug|iPhone.Deploy.0 = Debug|Any CPU
		{E8DBB601-50C5-4AA6-A567-3C671439961D}.Debug|iPhoneSimulator.ActiveCfg = Debug|Any CPU
		{E8DBB601-50C5-4AA6-A567-3C671439961D}.Debug|iPhoneSimulator.Build.0 = Debug|Any CPU
		{E8DBB601-50C5-4AA6-A567-3C671439961D}.Debug|iPhoneSimulator.Deploy.0 = Debug|Any CPU
		{E8DBB601-50C5-4AA6-A567-3C671439961D}.Debug|x64.ActiveCfg = Debug|Any CPU
		{E8DBB601-50C5-4AA6-A567-3C671439961D}.Debug|x64.Build.0 = Debug|Any CPU
		{E8DBB601-50C5-4AA6-A567-3C671439961D}.Debug|x64.Deploy.0 = Debug|Any CPU
		{E8DBB601-50C5-4AA6-A567-3C671439961D}.Debug|x86.ActiveCfg = Debug|Any CPU
		{E8DBB601-50C5-4AA6-A567-3C671439961D}.Debug|x86.Build.0 = Debug|Any CPU
		{E8DBB601-50C5-4AA6-A567-3C671439961D}.Debug|x86.Deploy.0 = Debug|Any CPU
		{E8DBB601-50C5-4AA6-A567-3C671439961D}.Release|Any CPU.ActiveCfg = Release|Any CPU
		{E8DBB601-50C5-4AA6-A567-3C671439961D}.Release|Any CPU.Build.0 = Release|Any CPU
		{E8DBB601-50C5-4AA6-A567-3C671439961D}.Release|Any CPU.Deploy.0 = Release|Any CPU
		{E8DBB601-50C5-4AA6-A567-3C671439961D}.Release|ARM.ActiveCfg = Release|Any CPU
		{E8DBB601-50C5-4AA6-A567-3C671439961D}.Release|ARM.Build.0 = Release|Any CPU
		{E8DBB601-50C5-4AA6-A567-3C671439961D}.Release|ARM.Deploy.0 = Release|Any CPU
		{E8DBB601-50C5-4AA6-A567-3C671439961D}.Release|iPhone.ActiveCfg = Release|Any CPU
		{E8DBB601-50C5-4AA6-A567-3C671439961D}.Release|iPhone.Build.0 = Release|Any CPU
		{E8DBB601-50C5-4AA6-A567-3C671439961D}.Release|iPhone.Deploy.0 = Release|Any CPU
		{E8DBB601-50C5-4AA6-A567-3C671439961D}.Release|iPhoneSimulator.ActiveCfg = Release|Any CPU
		{E8DBB601-50C5-4AA6-A567-3C671439961D}.Release|iPhoneSimulator.Build.0 = Release|Any CPU
		{E8DBB601-50C5-4AA6-A567-3C671439961D}.Release|iPhoneSimulator.Deploy.0 = Release|Any CPU
		{E8DBB601-50C5-4AA6-A567-3C671439961D}.Release|x64.ActiveCfg = Release|Any CPU
		{E8DBB601-50C5-4AA6-A567-3C671439961D}.Release|x64.Build.0 = Release|Any CPU
		{E8DBB601-50C5-4AA6-A567-3C671439961D}.Release|x64.Deploy.0 = Release|Any CPU
		{E8DBB601-50C5-4AA6-A567-3C671439961D}.Release|x86.ActiveCfg = Release|Any CPU
		{E8DBB601-50C5-4AA6-A567-3C671439961D}.Release|x86.Build.0 = Release|Any CPU
		{E8DBB601-50C5-4AA6-A567-3C671439961D}.Release|x86.Deploy.0 = Release|Any CPU
		{9585D879-61AF-47CD-A194-DB3AC5F0E970}.Ad-Hoc|Any CPU.ActiveCfg = Ad-Hoc|iPhone
		{9585D879-61AF-47CD-A194-DB3AC5F0E970}.Ad-Hoc|Any CPU.Build.0 = Ad-Hoc|iPhone
		{9585D879-61AF-47CD-A194-DB3AC5F0E970}.Ad-Hoc|Any CPU.Deploy.0 = Ad-Hoc|iPhone
		{9585D879-61AF-47CD-A194-DB3AC5F0E970}.Ad-Hoc|ARM.ActiveCfg = Ad-Hoc|iPhone
		{9585D879-61AF-47CD-A194-DB3AC5F0E970}.Ad-Hoc|ARM.Build.0 = Ad-Hoc|iPhone
		{9585D879-61AF-47CD-A194-DB3AC5F0E970}.Ad-Hoc|ARM.Deploy.0 = Ad-Hoc|iPhone
		{9585D879-61AF-47CD-A194-DB3AC5F0E970}.Ad-Hoc|iPhone.ActiveCfg = Ad-Hoc|iPhone
		{9585D879-61AF-47CD-A194-DB3AC5F0E970}.Ad-Hoc|iPhone.Build.0 = Ad-Hoc|iPhone
		{9585D879-61AF-47CD-A194-DB3AC5F0E970}.Ad-Hoc|iPhone.Deploy.0 = Ad-Hoc|iPhone
		{9585D879-61AF-47CD-A194-DB3AC5F0E970}.Ad-Hoc|iPhoneSimulator.ActiveCfg = Ad-Hoc|iPhoneSimulator
		{9585D879-61AF-47CD-A194-DB3AC5F0E970}.Ad-Hoc|iPhoneSimulator.Build.0 = Ad-Hoc|iPhoneSimulator
		{9585D879-61AF-47CD-A194-DB3AC5F0E970}.Ad-Hoc|iPhoneSimulator.Deploy.0 = Ad-Hoc|iPhoneSimulator
		{9585D879-61AF-47CD-A194-DB3AC5F0E970}.Ad-Hoc|x64.ActiveCfg = Ad-Hoc|iPhone
		{9585D879-61AF-47CD-A194-DB3AC5F0E970}.Ad-Hoc|x64.Build.0 = Ad-Hoc|iPhone
		{9585D879-61AF-47CD-A194-DB3AC5F0E970}.Ad-Hoc|x64.Deploy.0 = Ad-Hoc|iPhone
		{9585D879-61AF-47CD-A194-DB3AC5F0E970}.Ad-Hoc|x86.ActiveCfg = Ad-Hoc|iPhone
		{9585D879-61AF-47CD-A194-DB3AC5F0E970}.Ad-Hoc|x86.Build.0 = Ad-Hoc|iPhone
		{9585D879-61AF-47CD-A194-DB3AC5F0E970}.Ad-Hoc|x86.Deploy.0 = Ad-Hoc|iPhone
		{9585D879-61AF-47CD-A194-DB3AC5F0E970}.AppStore|Any CPU.ActiveCfg = AppStore|iPhone
		{9585D879-61AF-47CD-A194-DB3AC5F0E970}.AppStore|Any CPU.Build.0 = AppStore|iPhone
		{9585D879-61AF-47CD-A194-DB3AC5F0E970}.AppStore|Any CPU.Deploy.0 = AppStore|iPhone
		{9585D879-61AF-47CD-A194-DB3AC5F0E970}.AppStore|ARM.ActiveCfg = AppStore|iPhone
		{9585D879-61AF-47CD-A194-DB3AC5F0E970}.AppStore|ARM.Build.0 = AppStore|iPhone
		{9585D879-61AF-47CD-A194-DB3AC5F0E970}.AppStore|ARM.Deploy.0 = AppStore|iPhone
		{9585D879-61AF-47CD-A194-DB3AC5F0E970}.AppStore|iPhone.ActiveCfg = AppStore|iPhone
		{9585D879-61AF-47CD-A194-DB3AC5F0E970}.AppStore|iPhone.Build.0 = AppStore|iPhone
		{9585D879-61AF-47CD-A194-DB3AC5F0E970}.AppStore|iPhone.Deploy.0 = AppStore|iPhone
		{9585D879-61AF-47CD-A194-DB3AC5F0E970}.AppStore|iPhoneSimulator.ActiveCfg = AppStore|iPhoneSimulator
		{9585D879-61AF-47CD-A194-DB3AC5F0E970}.AppStore|iPhoneSimulator.Build.0 = AppStore|iPhoneSimulator
		{9585D879-61AF-47CD-A194-DB3AC5F0E970}.AppStore|iPhoneSimulator.Deploy.0 = AppStore|iPhoneSimulator
		{9585D879-61AF-47CD-A194-DB3AC5F0E970}.AppStore|x64.ActiveCfg = AppStore|iPhone
		{9585D879-61AF-47CD-A194-DB3AC5F0E970}.AppStore|x64.Build.0 = AppStore|iPhone
		{9585D879-61AF-47CD-A194-DB3AC5F0E970}.AppStore|x64.Deploy.0 = AppStore|iPhone
		{9585D879-61AF-47CD-A194-DB3AC5F0E970}.AppStore|x86.ActiveCfg = AppStore|iPhone
		{9585D879-61AF-47CD-A194-DB3AC5F0E970}.AppStore|x86.Build.0 = AppStore|iPhone
		{9585D879-61AF-47CD-A194-DB3AC5F0E970}.AppStore|x86.Deploy.0 = AppStore|iPhone
		{9585D879-61AF-47CD-A194-DB3AC5F0E970}.Debug|Any CPU.ActiveCfg = Debug|iPhoneSimulator
		{9585D879-61AF-47CD-A194-DB3AC5F0E970}.Debug|Any CPU.Build.0 = Debug|iPhoneSimulator
		{9585D879-61AF-47CD-A194-DB3AC5F0E970}.Debug|Any CPU.Deploy.0 = Debug|iPhoneSimulator
		{9585D879-61AF-47CD-A194-DB3AC5F0E970}.Debug|ARM.ActiveCfg = Debug|iPhone
		{9585D879-61AF-47CD-A194-DB3AC5F0E970}.Debug|ARM.Build.0 = Debug|iPhone
		{9585D879-61AF-47CD-A194-DB3AC5F0E970}.Debug|ARM.Deploy.0 = Debug|iPhone
		{9585D879-61AF-47CD-A194-DB3AC5F0E970}.Debug|iPhone.ActiveCfg = Debug|iPhone
		{9585D879-61AF-47CD-A194-DB3AC5F0E970}.Debug|iPhone.Build.0 = Debug|iPhone
		{9585D879-61AF-47CD-A194-DB3AC5F0E970}.Debug|iPhone.Deploy.0 = Debug|iPhone
		{9585D879-61AF-47CD-A194-DB3AC5F0E970}.Debug|iPhoneSimulator.ActiveCfg = Debug|iPhoneSimulator
		{9585D879-61AF-47CD-A194-DB3AC5F0E970}.Debug|iPhoneSimulator.Build.0 = Debug|iPhoneSimulator
		{9585D879-61AF-47CD-A194-DB3AC5F0E970}.Debug|iPhoneSimulator.Deploy.0 = Debug|iPhoneSimulator
		{9585D879-61AF-47CD-A194-DB3AC5F0E970}.Debug|x64.ActiveCfg = Debug|iPhone
		{9585D879-61AF-47CD-A194-DB3AC5F0E970}.Debug|x64.Build.0 = Debug|iPhone
		{9585D879-61AF-47CD-A194-DB3AC5F0E970}.Debug|x64.Deploy.0 = Debug|iPhone
		{9585D879-61AF-47CD-A194-DB3AC5F0E970}.Debug|x86.ActiveCfg = Debug|iPhone
		{9585D879-61AF-47CD-A194-DB3AC5F0E970}.Debug|x86.Build.0 = Debug|iPhone
		{9585D879-61AF-47CD-A194-DB3AC5F0E970}.Debug|x86.Deploy.0 = Debug|iPhone
		{9585D879-61AF-47CD-A194-DB3AC5F0E970}.Release|Any CPU.ActiveCfg = Release|iPhone
		{9585D879-61AF-47CD-A194-DB3AC5F0E970}.Release|Any CPU.Build.0 = Release|iPhone
		{9585D879-61AF-47CD-A194-DB3AC5F0E970}.Release|Any CPU.Deploy.0 = Release|iPhone
		{9585D879-61AF-47CD-A194-DB3AC5F0E970}.Release|ARM.ActiveCfg = Release|iPhone
		{9585D879-61AF-47CD-A194-DB3AC5F0E970}.Release|ARM.Build.0 = Release|iPhone
		{9585D879-61AF-47CD-A194-DB3AC5F0E970}.Release|ARM.Deploy.0 = Release|iPhone
		{9585D879-61AF-47CD-A194-DB3AC5F0E970}.Release|iPhone.ActiveCfg = Release|iPhone
		{9585D879-61AF-47CD-A194-DB3AC5F0E970}.Release|iPhone.Build.0 = Release|iPhone
		{9585D879-61AF-47CD-A194-DB3AC5F0E970}.Release|iPhone.Deploy.0 = Release|iPhone
		{9585D879-61AF-47CD-A194-DB3AC5F0E970}.Release|iPhoneSimulator.ActiveCfg = Release|iPhoneSimulator
		{9585D879-61AF-47CD-A194-DB3AC5F0E970}.Release|iPhoneSimulator.Build.0 = Release|iPhoneSimulator
		{9585D879-61AF-47CD-A194-DB3AC5F0E970}.Release|iPhoneSimulator.Deploy.0 = Release|iPhoneSimulator
		{9585D879-61AF-47CD-A194-DB3AC5F0E970}.Release|x64.ActiveCfg = Release|iPhone
		{9585D879-61AF-47CD-A194-DB3AC5F0E970}.Release|x64.Build.0 = Release|iPhone
		{9585D879-61AF-47CD-A194-DB3AC5F0E970}.Release|x64.Deploy.0 = Release|iPhone
		{9585D879-61AF-47CD-A194-DB3AC5F0E970}.Release|x86.ActiveCfg = Release|iPhone
		{9585D879-61AF-47CD-A194-DB3AC5F0E970}.Release|x86.Build.0 = Release|iPhone
		{9585D879-61AF-47CD-A194-DB3AC5F0E970}.Release|x86.Deploy.0 = Release|iPhone
		{C2B6B232-1F53-436A-B5E6-59ED8F778E23}.Ad-Hoc|Any CPU.ActiveCfg = Release|x86
		{C2B6B232-1F53-436A-B5E6-59ED8F778E23}.Ad-Hoc|Any CPU.Build.0 = Release|x86
		{C2B6B232-1F53-436A-B5E6-59ED8F778E23}.Ad-Hoc|Any CPU.Deploy.0 = Release|x86
		{C2B6B232-1F53-436A-B5E6-59ED8F778E23}.Ad-Hoc|ARM.ActiveCfg = Release|ARM
		{C2B6B232-1F53-436A-B5E6-59ED8F778E23}.Ad-Hoc|ARM.Build.0 = Release|ARM
		{C2B6B232-1F53-436A-B5E6-59ED8F778E23}.Ad-Hoc|ARM.Deploy.0 = Release|ARM
		{C2B6B232-1F53-436A-B5E6-59ED8F778E23}.Ad-Hoc|iPhone.ActiveCfg = Release|x86
		{C2B6B232-1F53-436A-B5E6-59ED8F778E23}.Ad-Hoc|iPhone.Build.0 = Release|x86
		{C2B6B232-1F53-436A-B5E6-59ED8F778E23}.Ad-Hoc|iPhone.Deploy.0 = Release|x86
		{C2B6B232-1F53-436A-B5E6-59ED8F778E23}.Ad-Hoc|iPhoneSimulator.ActiveCfg = Release|x86
		{C2B6B232-1F53-436A-B5E6-59ED8F778E23}.Ad-Hoc|iPhoneSimulator.Build.0 = Release|x86
		{C2B6B232-1F53-436A-B5E6-59ED8F778E23}.Ad-Hoc|iPhoneSimulator.Deploy.0 = Release|x86
		{C2B6B232-1F53-436A-B5E6-59ED8F778E23}.Ad-Hoc|x64.ActiveCfg = Release|x64
		{C2B6B232-1F53-436A-B5E6-59ED8F778E23}.Ad-Hoc|x64.Build.0 = Release|x64
		{C2B6B232-1F53-436A-B5E6-59ED8F778E23}.Ad-Hoc|x64.Deploy.0 = Release|x64
		{C2B6B232-1F53-436A-B5E6-59ED8F778E23}.Ad-Hoc|x86.ActiveCfg = Release|x86
		{C2B6B232-1F53-436A-B5E6-59ED8F778E23}.Ad-Hoc|x86.Build.0 = Release|x86
		{C2B6B232-1F53-436A-B5E6-59ED8F778E23}.Ad-Hoc|x86.Deploy.0 = Release|x86
		{C2B6B232-1F53-436A-B5E6-59ED8F778E23}.AppStore|Any CPU.ActiveCfg = Release|x86
		{C2B6B232-1F53-436A-B5E6-59ED8F778E23}.AppStore|Any CPU.Build.0 = Release|x86
		{C2B6B232-1F53-436A-B5E6-59ED8F778E23}.AppStore|Any CPU.Deploy.0 = Release|x86
		{C2B6B232-1F53-436A-B5E6-59ED8F778E23}.AppStore|ARM.ActiveCfg = Release|ARM
		{C2B6B232-1F53-436A-B5E6-59ED8F778E23}.AppStore|ARM.Build.0 = Release|ARM
		{C2B6B232-1F53-436A-B5E6-59ED8F778E23}.AppStore|ARM.Deploy.0 = Release|ARM
		{C2B6B232-1F53-436A-B5E6-59ED8F778E23}.AppStore|iPhone.ActiveCfg = Release|x86
		{C2B6B232-1F53-436A-B5E6-59ED8F778E23}.AppStore|iPhone.Build.0 = Release|x86
		{C2B6B232-1F53-436A-B5E6-59ED8F778E23}.AppStore|iPhone.Deploy.0 = Release|x86
		{C2B6B232-1F53-436A-B5E6-59ED8F778E23}.AppStore|iPhoneSimulator.ActiveCfg = Release|x86
		{C2B6B232-1F53-436A-B5E6-59ED8F778E23}.AppStore|iPhoneSimulator.Build.0 = Release|x86
		{C2B6B232-1F53-436A-B5E6-59ED8F778E23}.AppStore|iPhoneSimulator.Deploy.0 = Release|x86
		{C2B6B232-1F53-436A-B5E6-59ED8F778E23}.AppStore|x64.ActiveCfg = Release|x64
		{C2B6B232-1F53-436A-B5E6-59ED8F778E23}.AppStore|x64.Build.0 = Release|x64
		{C2B6B232-1F53-436A-B5E6-59ED8F778E23}.AppStore|x64.Deploy.0 = Release|x64
		{C2B6B232-1F53-436A-B5E6-59ED8F778E23}.AppStore|x86.ActiveCfg = Release|x86
		{C2B6B232-1F53-436A-B5E6-59ED8F778E23}.AppStore|x86.Build.0 = Release|x86
		{C2B6B232-1F53-436A-B5E6-59ED8F778E23}.AppStore|x86.Deploy.0 = Release|x86
		{C2B6B232-1F53-436A-B5E6-59ED8F778E23}.Debug|Any CPU.ActiveCfg = Debug|x86
		{C2B6B232-1F53-436A-B5E6-59ED8F778E23}.Debug|Any CPU.Build.0 = Debug|x86
		{C2B6B232-1F53-436A-B5E6-59ED8F778E23}.Debug|Any CPU.Deploy.0 = Debug|x86
		{C2B6B232-1F53-436A-B5E6-59ED8F778E23}.Debug|ARM.ActiveCfg = Debug|ARM
		{C2B6B232-1F53-436A-B5E6-59ED8F778E23}.Debug|ARM.Build.0 = Debug|ARM
		{C2B6B232-1F53-436A-B5E6-59ED8F778E23}.Debug|ARM.Deploy.0 = Debug|ARM
		{C2B6B232-1F53-436A-B5E6-59ED8F778E23}.Debug|iPhone.ActiveCfg = Debug|x86
		{C2B6B232-1F53-436A-B5E6-59ED8F778E23}.Debug|iPhone.Build.0 = Debug|x86
		{C2B6B232-1F53-436A-B5E6-59ED8F778E23}.Debug|iPhone.Deploy.0 = Debug|x86
		{C2B6B232-1F53-436A-B5E6-59ED8F778E23}.Debug|iPhoneSimulator.ActiveCfg = Debug|x86
		{C2B6B232-1F53-436A-B5E6-59ED8F778E23}.Debug|iPhoneSimulator.Build.0 = Debug|x86
		{C2B6B232-1F53-436A-B5E6-59ED8F778E23}.Debug|iPhoneSimulator.Deploy.0 = Debug|x86
		{C2B6B232-1F53-436A-B5E6-59ED8F778E23}.Debug|x64.ActiveCfg = Debug|x64
		{C2B6B232-1F53-436A-B5E6-59ED8F778E23}.Debug|x64.Build.0 = Debug|x64
		{C2B6B232-1F53-436A-B5E6-59ED8F778E23}.Debug|x64.Deploy.0 = Debug|x64
		{C2B6B232-1F53-436A-B5E6-59ED8F778E23}.Debug|x86.ActiveCfg = Debug|x86
		{C2B6B232-1F53-436A-B5E6-59ED8F778E23}.Debug|x86.Build.0 = Debug|x86
		{C2B6B232-1F53-436A-B5E6-59ED8F778E23}.Debug|x86.Deploy.0 = Debug|x86
		{C2B6B232-1F53-436A-B5E6-59ED8F778E23}.Release|Any CPU.ActiveCfg = Release|x86
		{C2B6B232-1F53-436A-B5E6-59ED8F778E23}.Release|Any CPU.Build.0 = Release|x86
		{C2B6B232-1F53-436A-B5E6-59ED8F778E23}.Release|Any CPU.Deploy.0 = Release|x86
		{C2B6B232-1F53-436A-B5E6-59ED8F778E23}.Release|ARM.ActiveCfg = Release|ARM
		{C2B6B232-1F53-436A-B5E6-59ED8F778E23}.Release|ARM.Build.0 = Release|ARM
		{C2B6B232-1F53-436A-B5E6-59ED8F778E23}.Release|ARM.Deploy.0 = Release|ARM
		{C2B6B232-1F53-436A-B5E6-59ED8F778E23}.Release|iPhone.ActiveCfg = Release|x86
		{C2B6B232-1F53-436A-B5E6-59ED8F778E23}.Release|iPhone.Build.0 = Release|x86
		{C2B6B232-1F53-436A-B5E6-59ED8F778E23}.Release|iPhone.Deploy.0 = Release|x86
		{C2B6B232-1F53-436A-B5E6-59ED8F778E23}.Release|iPhoneSimulator.ActiveCfg = Release|x86
		{C2B6B232-1F53-436A-B5E6-59ED8F778E23}.Release|iPhoneSimulator.Build.0 = Release|x86
		{C2B6B232-1F53-436A-B5E6-59ED8F778E23}.Release|iPhoneSimulator.Deploy.0 = Release|x86
		{C2B6B232-1F53-436A-B5E6-59ED8F778E23}.Release|x64.ActiveCfg = Release|x64
		{C2B6B232-1F53-436A-B5E6-59ED8F778E23}.Release|x64.Build.0 = Release|x64
		{C2B6B232-1F53-436A-B5E6-59ED8F778E23}.Release|x64.Deploy.0 = Release|x64
		{C2B6B232-1F53-436A-B5E6-59ED8F778E23}.Release|x86.ActiveCfg = Release|x86
		{C2B6B232-1F53-436A-B5E6-59ED8F778E23}.Release|x86.Build.0 = Release|x86
		{C2B6B232-1F53-436A-B5E6-59ED8F778E23}.Release|x86.Deploy.0 = Release|x86
		{B615C904-92E9-4A8C-8E63-5B069B6C652A}.Ad-Hoc|Any CPU.ActiveCfg = Debug|Any CPU
		{B615C904-92E9-4A8C-8E63-5B069B6C652A}.Ad-Hoc|Any CPU.Build.0 = Debug|Any CPU
		{B615C904-92E9-4A8C-8E63-5B069B6C652A}.Ad-Hoc|Any CPU.Deploy.0 = Debug|Any CPU
		{B615C904-92E9-4A8C-8E63-5B069B6C652A}.Ad-Hoc|ARM.ActiveCfg = Debug|Any CPU
		{B615C904-92E9-4A8C-8E63-5B069B6C652A}.Ad-Hoc|ARM.Build.0 = Debug|Any CPU
		{B615C904-92E9-4A8C-8E63-5B069B6C652A}.Ad-Hoc|ARM.Deploy.0 = Debug|Any CPU
		{B615C904-92E9-4A8C-8E63-5B069B6C652A}.Ad-Hoc|iPhone.ActiveCfg = Debug|Any CPU
		{B615C904-92E9-4A8C-8E63-5B069B6C652A}.Ad-Hoc|iPhone.Build.0 = Debug|Any CPU
		{B615C904-92E9-4A8C-8E63-5B069B6C652A}.Ad-Hoc|iPhone.Deploy.0 = Debug|Any CPU
		{B615C904-92E9-4A8C-8E63-5B069B6C652A}.Ad-Hoc|iPhoneSimulator.ActiveCfg = Debug|Any CPU
		{B615C904-92E9-4A8C-8E63-5B069B6C652A}.Ad-Hoc|iPhoneSimulator.Build.0 = Debug|Any CPU
		{B615C904-92E9-4A8C-8E63-5B069B6C652A}.Ad-Hoc|iPhoneSimulator.Deploy.0 = Debug|Any CPU
		{B615C904-92E9-4A8C-8E63-5B069B6C652A}.Ad-Hoc|x64.ActiveCfg = Debug|Any CPU
		{B615C904-92E9-4A8C-8E63-5B069B6C652A}.Ad-Hoc|x64.Build.0 = Debug|Any CPU
		{B615C904-92E9-4A8C-8E63-5B069B6C652A}.Ad-Hoc|x64.Deploy.0 = Debug|Any CPU
		{B615C904-92E9-4A8C-8E63-5B069B6C652A}.Ad-Hoc|x86.ActiveCfg = Debug|Any CPU
		{B615C904-92E9-4A8C-8E63-5B069B6C652A}.Ad-Hoc|x86.Build.0 = Debug|Any CPU
		{B615C904-92E9-4A8C-8E63-5B069B6C652A}.Ad-Hoc|x86.Deploy.0 = Debug|Any CPU
		{B615C904-92E9-4A8C-8E63-5B069B6C652A}.AppStore|Any CPU.ActiveCfg = Debug|Any CPU
		{B615C904-92E9-4A8C-8E63-5B069B6C652A}.AppStore|Any CPU.Build.0 = Debug|Any CPU
		{B615C904-92E9-4A8C-8E63-5B069B6C652A}.AppStore|Any CPU.Deploy.0 = Debug|Any CPU
		{B615C904-92E9-4A8C-8E63-5B069B6C652A}.AppStore|ARM.ActiveCfg = Debug|Any CPU
		{B615C904-92E9-4A8C-8E63-5B069B6C652A}.AppStore|ARM.Build.0 = Debug|Any CPU
		{B615C904-92E9-4A8C-8E63-5B069B6C652A}.AppStore|ARM.Deploy.0 = Debug|Any CPU
		{B615C904-92E9-4A8C-8E63-5B069B6C652A}.AppStore|iPhone.ActiveCfg = Debug|Any CPU
		{B615C904-92E9-4A8C-8E63-5B069B6C652A}.AppStore|iPhone.Build.0 = Debug|Any CPU
		{B615C904-92E9-4A8C-8E63-5B069B6C652A}.AppStore|iPhone.Deploy.0 = Debug|Any CPU
		{B615C904-92E9-4A8C-8E63-5B069B6C652A}.AppStore|iPhoneSimulator.ActiveCfg = Debug|Any CPU
		{B615C904-92E9-4A8C-8E63-5B069B6C652A}.AppStore|iPhoneSimulator.Build.0 = Debug|Any CPU
		{B615C904-92E9-4A8C-8E63-5B069B6C652A}.AppStore|iPhoneSimulator.Deploy.0 = Debug|Any CPU
		{B615C904-92E9-4A8C-8E63-5B069B6C652A}.AppStore|x64.ActiveCfg = Debug|Any CPU
		{B615C904-92E9-4A8C-8E63-5B069B6C652A}.AppStore|x64.Build.0 = Debug|Any CPU
		{B615C904-92E9-4A8C-8E63-5B069B6C652A}.AppStore|x64.Deploy.0 = Debug|Any CPU
		{B615C904-92E9-4A8C-8E63-5B069B6C652A}.AppStore|x86.ActiveCfg = Debug|Any CPU
		{B615C904-92E9-4A8C-8E63-5B069B6C652A}.AppStore|x86.Build.0 = Debug|Any CPU
		{B615C904-92E9-4A8C-8E63-5B069B6C652A}.AppStore|x86.Deploy.0 = Debug|Any CPU
		{B615C904-92E9-4A8C-8E63-5B069B6C652A}.Debug|Any CPU.ActiveCfg = Debug|Any CPU
		{B615C904-92E9-4A8C-8E63-5B069B6C652A}.Debug|Any CPU.Build.0 = Debug|Any CPU
		{B615C904-92E9-4A8C-8E63-5B069B6C652A}.Debug|Any CPU.Deploy.0 = Debug|Any CPU
		{B615C904-92E9-4A8C-8E63-5B069B6C652A}.Debug|ARM.ActiveCfg = Debug|Any CPU
		{B615C904-92E9-4A8C-8E63-5B069B6C652A}.Debug|ARM.Build.0 = Debug|Any CPU
		{B615C904-92E9-4A8C-8E63-5B069B6C652A}.Debug|ARM.Deploy.0 = Debug|Any CPU
		{B615C904-92E9-4A8C-8E63-5B069B6C652A}.Debug|iPhone.ActiveCfg = Debug|Any CPU
		{B615C904-92E9-4A8C-8E63-5B069B6C652A}.Debug|iPhone.Build.0 = Debug|Any CPU
		{B615C904-92E9-4A8C-8E63-5B069B6C652A}.Debug|iPhone.Deploy.0 = Debug|Any CPU
		{B615C904-92E9-4A8C-8E63-5B069B6C652A}.Debug|iPhoneSimulator.ActiveCfg = Debug|Any CPU
		{B615C904-92E9-4A8C-8E63-5B069B6C652A}.Debug|iPhoneSimulator.Build.0 = Debug|Any CPU
		{B615C904-92E9-4A8C-8E63-5B069B6C652A}.Debug|iPhoneSimulator.Deploy.0 = Debug|Any CPU
		{B615C904-92E9-4A8C-8E63-5B069B6C652A}.Debug|x64.ActiveCfg = Debug|Any CPU
		{B615C904-92E9-4A8C-8E63-5B069B6C652A}.Debug|x64.Build.0 = Debug|Any CPU
		{B615C904-92E9-4A8C-8E63-5B069B6C652A}.Debug|x64.Deploy.0 = Debug|Any CPU
		{B615C904-92E9-4A8C-8E63-5B069B6C652A}.Debug|x86.ActiveCfg = Debug|Any CPU
		{B615C904-92E9-4A8C-8E63-5B069B6C652A}.Debug|x86.Build.0 = Debug|Any CPU
		{B615C904-92E9-4A8C-8E63-5B069B6C652A}.Debug|x86.Deploy.0 = Debug|Any CPU
		{B615C904-92E9-4A8C-8E63-5B069B6C652A}.Release|Any CPU.ActiveCfg = Release|Any CPU
		{B615C904-92E9-4A8C-8E63-5B069B6C652A}.Release|Any CPU.Build.0 = Release|Any CPU
		{B615C904-92E9-4A8C-8E63-5B069B6C652A}.Release|Any CPU.Deploy.0 = Release|Any CPU
		{B615C904-92E9-4A8C-8E63-5B069B6C652A}.Release|ARM.ActiveCfg = Release|Any CPU
		{B615C904-92E9-4A8C-8E63-5B069B6C652A}.Release|ARM.Build.0 = Release|Any CPU
		{B615C904-92E9-4A8C-8E63-5B069B6C652A}.Release|ARM.Deploy.0 = Release|Any CPU
		{B615C904-92E9-4A8C-8E63-5B069B6C652A}.Release|iPhone.ActiveCfg = Release|Any CPU
		{B615C904-92E9-4A8C-8E63-5B069B6C652A}.Release|iPhone.Build.0 = Release|Any CPU
		{B615C904-92E9-4A8C-8E63-5B069B6C652A}.Release|iPhone.Deploy.0 = Release|Any CPU
		{B615C904-92E9-4A8C-8E63-5B069B6C652A}.Release|iPhoneSimulator.ActiveCfg = Release|Any CPU
		{B615C904-92E9-4A8C-8E63-5B069B6C652A}.Release|iPhoneSimulator.Build.0 = Release|Any CPU
		{B615C904-92E9-4A8C-8E63-5B069B6C652A}.Release|iPhoneSimulator.Deploy.0 = Release|Any CPU
		{B615C904-92E9-4A8C-8E63-5B069B6C652A}.Release|x64.ActiveCfg = Release|Any CPU
		{B615C904-92E9-4A8C-8E63-5B069B6C652A}.Release|x64.Build.0 = Release|Any CPU
		{B615C904-92E9-4A8C-8E63-5B069B6C652A}.Release|x64.Deploy.0 = Release|Any CPU
		{B615C904-92E9-4A8C-8E63-5B069B6C652A}.Release|x86.ActiveCfg = Release|Any CPU
		{B615C904-92E9-4A8C-8E63-5B069B6C652A}.Release|x86.Build.0 = Release|Any CPU
		{B615C904-92E9-4A8C-8E63-5B069B6C652A}.Release|x86.Deploy.0 = Release|Any CPU
	EndGlobalSection
	GlobalSection(SolutionProperties) = preSolution
		HideSolutionNode = FALSE
	EndGlobalSection
	GlobalSection(ExtensibilityGlobals) = postSolution
		SolutionGuid = {C55EA8C7-47B8-4F22-97A3-5FAB88EE79F6}
	EndGlobalSection
EndGlobal
